
Microsoft Visual Studio Solution File, Format Version 12.00
# Visual Studio Version 17
VisualStudioVersion = 17.3.32929.385
MinimumVisualStudioVersion = 10.0.40219.1
Project("{9A19103F-16F7-4668-BE54-9A1E7A4F7556}") = "ConsoleApp115", "ConsoleApp115\ConsoleApp115.csproj", "{BD3F63A2-8386-4598-8928-A45649E6CF3B}"
EndProject
Project("{9A19103F-16F7-4668-BE54-9A1E7A4F7556}") = "ConsoleApp1", "ConsoleApp1\ConsoleApp1.csproj", "{88AEA1BD-A6EE-4974-ACB9-DB4675E62708}"
EndProject
Project("{9A19103F-16F7-4668-BE54-9A1E7A4F7556}") = "ConsoleApp2", "ConsoleApp2\ConsoleApp2.csproj", "{3C5700E1-F097-46B8-8EC2-6F34888C66A4}"
EndProject
Project("{9A19103F-16F7-4668-BE54-9A1E7A4F7556}") = "ConsoleApp3", "ConsoleApp3\ConsoleApp3.csproj", "{A9062701-57E1-45A9-ABBA-CBF2A3A844E3}"
EndProject
Project("{9A19103F-16F7-4668-BE54-9A1E7A4F7556}") = "ConsoleApp4", "ConsoleApp4\ConsoleApp4.csproj", "{6EF35F53-4E16-4FA9-892B-DA5DCA47599F}"
EndProject
Project("{9A19103F-16F7-4668-BE54-9A1E7A4F7556}") = "ConsoleApp5", "ConsoleApp5\ConsoleApp5.csproj", "{CC84A664-5FA6-4BBD-BF57-5A3282CD46D5}"
EndProject
Project("{9A19103F-16F7-4668-BE54-9A1E7A4F7556}") = "ConsoleApp6", "ConsoleApp6\ConsoleApp6.csproj", "{F9073312-5322-4B22-9B97-31A6002A36A3}"
EndProject
Project("{9A19103F-16F7-4668-BE54-9A1E7A4F7556}") = "ConsoleApp7", "ConsoleApp7\ConsoleApp7.csproj", "{BE286B56-BF82-4573-8E67-62BF585E5E64}"
EndProject
Project("{9A19103F-16F7-4668-BE54-9A1E7A4F7556}") = "ConsoleApp8", "ConsoleApp8\ConsoleApp8.csproj", "{44520319-3F08-4739-A3E5-B4B890FB11FC}"
EndProject
Project("{9A19103F-16F7-4668-BE54-9A1E7A4F7556}") = "ConsoleApp9", "ConsoleApp9\ConsoleApp9.csproj", "{8A5D1408-3DF3-4D8F-9D71-2DCA5A64FA10}"
EndProject
Project("{9A19103F-16F7-4668-BE54-9A1E7A4F7556}") = "ConsoleApp10", "ConsoleApp10\ConsoleApp10.csproj", "{F8597F2E-443B-4DB0-850C-2A76F64E3837}"
EndProject
Project("{9A19103F-16F7-4668-BE54-9A1E7A4F7556}") = "ConsoleApp11", "ConsoleApp11\ConsoleApp11.csproj", "{FB74A1A3-9A2B-47D3-9DB3-91AF2C8DF4CD}"
EndProject
Project("{9A19103F-16F7-4668-BE54-9A1E7A4F7556}") = "ConsoleApp12", "ConsoleApp12\ConsoleApp12.csproj", "{E06CAB88-FF35-4777-8561-2E4F397871C0}"
EndProject
Project("{9A19103F-16F7-4668-BE54-9A1E7A4F7556}") = "ConsoleApp13", "ConsoleApp13\ConsoleApp13.csproj", "{21F208F9-CF52-4449-9F84-4115248A2D58}"
EndProject
Project("{9A19103F-16F7-4668-BE54-9A1E7A4F7556}") = "ConsoleApp14", "ConsoleApp14\ConsoleApp14.csproj", "{A47A3BFD-8696-4CEB-AD9A-FFC0C71F5154}"
EndProject
Project("{9A19103F-16F7-4668-BE54-9A1E7A4F7556}") = "ConsoleApp15", "ConsoleApp15\ConsoleApp15.csproj", "{E5E7D6AB-B052-42C2-9ACD-03101A1391A2}"
EndProject
Project("{9A19103F-16F7-4668-BE54-9A1E7A4F7556}") = "ConsoleApp16", "ConsoleApp16\ConsoleApp16.csproj", "{9C203C55-C971-43B1-8F9D-80843A3B5D4D}"
EndProject
Project("{9A19103F-16F7-4668-BE54-9A1E7A4F7556}") = "ConsoleApp17", "ConsoleApp17\ConsoleApp17.csproj", "{141367A7-7B90-4B73-970E-C59990BD3CA6}"
EndProject
Project("{9A19103F-16F7-4668-BE54-9A1E7A4F7556}") = "ConsoleApp18", "ConsoleApp18\ConsoleApp18.csproj", "{D11ED83B-0C47-424C-9C6D-4F8039351D97}"
EndProject
Project("{9A19103F-16F7-4668-BE54-9A1E7A4F7556}") = "ConsoleApp19", "ConsoleApp19\ConsoleApp19.csproj", "{1BC25351-B73F-442A-8760-0E86B920AE30}"
EndProject
Project("{9A19103F-16F7-4668-BE54-9A1E7A4F7556}") = "Array", "Array\Array.csproj", "{3A46B7FB-5BDE-499E-819E-60C5C959039E}"
EndProject
Project("{9A19103F-16F7-4668-BE54-9A1E7A4F7556}") = "Array1", "Array1\Array1.csproj", "{84C7E295-D016-4E71-8915-4CD84E3F9DB7}"
EndProject
Project("{9A19103F-16F7-4668-BE54-9A1E7A4F7556}") = "Array3", "Array3\Array3.csproj", "{625462F4-543F-454B-AFA2-5C5B004C1002}"
EndProject
Project("{9A19103F-16F7-4668-BE54-9A1E7A4F7556}") = "Params", "Params\Params.csproj", "{5A8E7549-55CA-49A0-92CE-B5F4F84D8487}"
EndProject
Project("{9A19103F-16F7-4668-BE54-9A1E7A4F7556}") = "Params1", "Params1\Params1.csproj", "{88FBDF1C-EA74-4E7F-B823-9A6BA72FFA26}"
EndProject
Project("{FAE04EC0-301F-11D3-BF4B-00C04F79EFBC}") = "Constructor", "Constructor\Constructor.csproj", "{FE924D62-8582-4B81-A0F6-F795C6267C19}"
EndProject
Project("{FAE04EC0-301F-11D3-BF4B-00C04F79EFBC}") = "Constructor2", "Constructor2\Constructor2.csproj", "{D255C5BB-971F-46C2-A0BC-63368546E1DF}"
EndProject
Project("{FAE04EC0-301F-11D3-BF4B-00C04F79EFBC}") = "Constructo3", "Constructo3\Constructo3.csproj", "{16D7E9F7-74EE-47CE-8948-19CAF221A7C5}"
EndProject
Global
	GlobalSection(SolutionConfigurationPlatforms) = preSolution
		Debug|Any CPU = Debug|Any CPU
		Release|Any CPU = Release|Any CPU
	EndGlobalSection
	GlobalSection(ProjectConfigurationPlatforms) = postSolution
		{BD3F63A2-8386-4598-8928-A45649E6CF3B}.Debug|Any CPU.ActiveCfg = Debug|Any CPU
		{BD3F63A2-8386-4598-8928-A45649E6CF3B}.Debug|Any CPU.Build.0 = Debug|Any CPU
		{BD3F63A2-8386-4598-8928-A45649E6CF3B}.Release|Any CPU.ActiveCfg = Release|Any CPU
		{BD3F63A2-8386-4598-8928-A45649E6CF3B}.Release|Any CPU.Build.0 = Release|Any CPU
		{88AEA1BD-A6EE-4974-ACB9-DB4675E62708}.Debug|Any CPU.ActiveCfg = Debug|Any CPU
		{88AEA1BD-A6EE-4974-ACB9-DB4675E62708}.Debug|Any CPU.Build.0 = Debug|Any CPU
		{88AEA1BD-A6EE-4974-ACB9-DB4675E62708}.Release|Any CPU.ActiveCfg = Release|Any CPU
		{88AEA1BD-A6EE-4974-ACB9-DB4675E62708}.Release|Any CPU.Build.0 = Release|Any CPU
		{3C5700E1-F097-46B8-8EC2-6F34888C66A4}.Debug|Any CPU.ActiveCfg = Debug|Any CPU
		{3C5700E1-F097-46B8-8EC2-6F34888C66A4}.Debug|Any CPU.Build.0 = Debug|Any CPU
		{3C5700E1-F097-46B8-8EC2-6F34888C66A4}.Release|Any CPU.ActiveCfg = Release|Any CPU
		{3C5700E1-F097-46B8-8EC2-6F34888C66A4}.Release|Any CPU.Build.0 = Release|Any CPU
		{A9062701-57E1-45A9-ABBA-CBF2A3A844E3}.Debug|Any CPU.ActiveCfg = Debug|Any CPU
		{A9062701-57E1-45A9-ABBA-CBF2A3A844E3}.Debug|Any CPU.Build.0 = Debug|Any CPU
		{A9062701-57E1-45A9-ABBA-CBF2A3A844E3}.Release|Any CPU.ActiveCfg = Release|Any CPU
		{A9062701-57E1-45A9-ABBA-CBF2A3A844E3}.Release|Any CPU.Build.0 = Release|Any CPU
		{6EF35F53-4E16-4FA9-892B-DA5DCA47599F}.Debug|Any CPU.ActiveCfg = Debug|Any CPU
		{6EF35F53-4E16-4FA9-892B-DA5DCA47599F}.Debug|Any CPU.Build.0 = Debug|Any CPU
		{6EF35F53-4E16-4FA9-892B-DA5DCA47599F}.Release|Any CPU.ActiveCfg = Release|Any CPU
		{6EF35F53-4E16-4FA9-892B-DA5DCA47599F}.Release|Any CPU.Build.0 = Release|Any CPU
		{CC84A664-5FA6-4BBD-BF57-5A3282CD46D5}.Debug|Any CPU.ActiveCfg = Debug|Any CPU
		{CC84A664-5FA6-4BBD-BF57-5A3282CD46D5}.Debug|Any CPU.Build.0 = Debug|Any CPU
		{CC84A664-5FA6-4BBD-BF57-5A3282CD46D5}.Release|Any CPU.ActiveCfg = Release|Any CPU
		{CC84A664-5FA6-4BBD-BF57-5A3282CD46D5}.Release|Any CPU.Build.0 = Release|Any CPU
		{F9073312-5322-4B22-9B97-31A6002A36A3}.Debug|Any CPU.ActiveCfg = Debug|Any CPU
		{F9073312-5322-4B22-9B97-31A6002A36A3}.Debug|Any CPU.Build.0 = Debug|Any CPU
		{F9073312-5322-4B22-9B97-31A6002A36A3}.Release|Any CPU.ActiveCfg = Release|Any CPU
		{F9073312-5322-4B22-9B97-31A6002A36A3}.Release|Any CPU.Build.0 = Release|Any CPU
		{BE286B56-BF82-4573-8E67-62BF585E5E64}.Debug|Any CPU.ActiveCfg = Debug|Any CPU
		{BE286B56-BF82-4573-8E67-62BF585E5E64}.Debug|Any CPU.Build.0 = Debug|Any CPU
		{BE286B56-BF82-4573-8E67-62BF585E5E64}.Release|Any CPU.ActiveCfg = Release|Any CPU
		{BE286B56-BF82-4573-8E67-62BF585E5E64}.Release|Any CPU.Build.0 = Release|Any CPU
		{44520319-3F08-4739-A3E5-B4B890FB11FC}.Debug|Any CPU.ActiveCfg = Debug|Any CPU
		{44520319-3F08-4739-A3E5-B4B890FB11FC}.Debug|Any CPU.Build.0 = Debug|Any CPU
		{44520319-3F08-4739-A3E5-B4B890FB11FC}.Release|Any CPU.ActiveCfg = Release|Any CPU
		{44520319-3F08-4739-A3E5-B4B890FB11FC}.Release|Any CPU.Build.0 = Release|Any CPU
		{8A5D1408-3DF3-4D8F-9D71-2DCA5A64FA10}.Debug|Any CPU.ActiveCfg = Debug|Any CPU
		{8A5D1408-3DF3-4D8F-9D71-2DCA5A64FA10}.Debug|Any CPU.Build.0 = Debug|Any CPU
		{8A5D1408-3DF3-4D8F-9D71-2DCA5A64FA10}.Release|Any CPU.ActiveCfg = Release|Any CPU
		{8A5D1408-3DF3-4D8F-9D71-2DCA5A64FA10}.Release|Any CPU.Build.0 = Release|Any CPU
		{F8597F2E-443B-4DB0-850C-2A76F64E3837}.Debug|Any CPU.ActiveCfg = Debug|Any CPU
		{F8597F2E-443B-4DB0-850C-2A76F64E3837}.Debug|Any CPU.Build.0 = Debug|Any CPU
		{F8597F2E-443B-4DB0-850C-2A76F64E3837}.Release|Any CPU.ActiveCfg = Release|Any CPU
		{F8597F2E-443B-4DB0-850C-2A76F64E3837}.Release|Any CPU.Build.0 = Release|Any CPU
		{FB74A1A3-9A2B-47D3-9DB3-91AF2C8DF4CD}.Debug|Any CPU.ActiveCfg = Debug|Any CPU
		{FB74A1A3-9A2B-47D3-9DB3-91AF2C8DF4CD}.Debug|Any CPU.Build.0 = Debug|Any CPU
		{FB74A1A3-9A2B-47D3-9DB3-91AF2C8DF4CD}.Release|Any CPU.ActiveCfg = Release|Any CPU
		{FB74A1A3-9A2B-47D3-9DB3-91AF2C8DF4CD}.Release|Any CPU.Build.0 = Release|Any CPU
		{E06CAB88-FF35-4777-8561-2E4F397871C0}.Debug|Any CPU.ActiveCfg = Debug|Any CPU
		{E06CAB88-FF35-4777-8561-2E4F397871C0}.Debug|Any CPU.Build.0 = Debug|Any CPU
		{E06CAB88-FF35-4777-8561-2E4F397871C0}.Release|Any CPU.ActiveCfg = Release|Any CPU
		{E06CAB88-FF35-4777-8561-2E4F397871C0}.Release|Any CPU.Build.0 = Release|Any CPU
		{21F208F9-CF52-4449-9F84-4115248A2D58}.Debug|Any CPU.ActiveCfg = Debug|Any CPU
		{21F208F9-CF52-4449-9F84-4115248A2D58}.Debug|Any CPU.Build.0 = Debug|Any CPU
		{21F208F9-CF52-4449-9F84-4115248A2D58}.Release|Any CPU.ActiveCfg = Release|Any CPU
		{21F208F9-CF52-4449-9F84-4115248A2D58}.Release|Any CPU.Build.0 = Release|Any CPU
		{A47A3BFD-8696-4CEB-AD9A-FFC0C71F5154}.Debug|Any CPU.ActiveCfg = Debug|Any CPU
		{A47A3BFD-8696-4CEB-AD9A-FFC0C71F5154}.Debug|Any CPU.Build.0 = Debug|Any CPU
		{A47A3BFD-8696-4CEB-AD9A-FFC0C71F5154}.Release|Any CPU.ActiveCfg = Release|Any CPU
		{A47A3BFD-8696-4CEB-AD9A-FFC0C71F5154}.Release|Any CPU.Build.0 = Release|Any CPU
		{E5E7D6AB-B052-42C2-9ACD-03101A1391A2}.Debug|Any CPU.ActiveCfg = Debug|Any CPU
		{E5E7D6AB-B052-42C2-9ACD-03101A1391A2}.Debug|Any CPU.Build.0 = Debug|Any CPU
		{E5E7D6AB-B052-42C2-9ACD-03101A1391A2}.Release|Any CPU.ActiveCfg = Release|Any CPU
		{E5E7D6AB-B052-42C2-9ACD-03101A1391A2}.Release|Any CPU.Build.0 = Release|Any CPU
		{9C203C55-C971-43B1-8F9D-80843A3B5D4D}.Debug|Any CPU.ActiveCfg = Debug|Any CPU
		{9C203C55-C971-43B1-8F9D-80843A3B5D4D}.Debug|Any CPU.Build.0 = Debug|Any CPU
		{9C203C55-C971-43B1-8F9D-80843A3B5D4D}.Release|Any CPU.ActiveCfg = Release|Any CPU
		{9C203C55-C971-43B1-8F9D-80843A3B5D4D}.Release|Any CPU.Build.0 = Release|Any CPU
		{141367A7-7B90-4B73-970E-C59990BD3CA6}.Debug|Any CPU.ActiveCfg = Debug|Any CPU
		{141367A7-7B90-4B73-970E-C59990BD3CA6}.Debug|Any CPU.Build.0 = Debug|Any CPU
		{141367A7-7B90-4B73-970E-C59990BD3CA6}.Release|Any CPU.ActiveCfg = Release|Any CPU
		{141367A7-7B90-4B73-970E-C59990BD3CA6}.Release|Any CPU.Build.0 = Release|Any CPU
		{D11ED83B-0C47-424C-9C6D-4F8039351D97}.Debug|Any CPU.ActiveCfg = Debug|Any CPU
		{D11ED83B-0C47-424C-9C6D-4F8039351D97}.Debug|Any CPU.Build.0 = Debug|Any CPU
		{D11ED83B-0C47-424C-9C6D-4F8039351D97}.Release|Any CPU.ActiveCfg = Release|Any CPU
		{D11ED83B-0C47-424C-9C6D-4F8039351D97}.Release|Any CPU.Build.0 = Release|Any CPU
		{1BC25351-B73F-442A-8760-0E86B920AE30}.Debug|Any CPU.ActiveCfg = Debug|Any CPU
		{1BC25351-B73F-442A-8760-0E86B920AE30}.Debug|Any CPU.Build.0 = Debug|Any CPU
		{1BC25351-B73F-442A-8760-0E86B920AE30}.Release|Any CPU.ActiveCfg = Release|Any CPU
		{1BC25351-B73F-442A-8760-0E86B920AE30}.Release|Any CPU.Build.0 = Release|Any CPU
		{3A46B7FB-5BDE-499E-819E-60C5C959039E}.Debug|Any CPU.ActiveCfg = Debug|Any CPU
		{3A46B7FB-5BDE-499E-819E-60C5C959039E}.Debug|Any CPU.Build.0 = Debug|Any CPU
		{3A46B7FB-5BDE-499E-819E-60C5C959039E}.Release|Any CPU.ActiveCfg = Release|Any CPU
		{3A46B7FB-5BDE-499E-819E-60C5C959039E}.Release|Any CPU.Build.0 = Release|Any CPU
		{84C7E295-D016-4E71-8915-4CD84E3F9DB7}.Debug|Any CPU.ActiveCfg = Debug|Any CPU
		{84C7E295-D016-4E71-8915-4CD84E3F9DB7}.Debug|Any CPU.Build.0 = Debug|Any CPU
		{84C7E295-D016-4E71-8915-4CD84E3F9DB7}.Release|Any CPU.ActiveCfg = Release|Any CPU
		{84C7E295-D016-4E71-8915-4CD84E3F9DB7}.Release|Any CPU.Build.0 = Release|Any CPU
		{625462F4-543F-454B-AFA2-5C5B004C1002}.Debug|Any CPU.ActiveCfg = Debug|Any CPU
		{625462F4-543F-454B-AFA2-5C5B004C1002}.Debug|Any CPU.Build.0 = Debug|Any CPU
		{625462F4-543F-454B-AFA2-5C5B004C1002}.Release|Any CPU.ActiveCfg = Release|Any CPU
		{625462F4-543F-454B-AFA2-5C5B004C1002}.Release|Any CPU.Build.0 = Release|Any CPU
		{5A8E7549-55CA-49A0-92CE-B5F4F84D8487}.Debug|Any CPU.ActiveCfg = Debug|Any CPU
		{5A8E7549-55CA-49A0-92CE-B5F4F84D8487}.Debug|Any CPU.Build.0 = Debug|Any CPU
		{5A8E7549-55CA-49A0-92CE-B5F4F84D8487}.Release|Any CPU.ActiveCfg = Release|Any CPU
		{5A8E7549-55CA-49A0-92CE-B5F4F84D8487}.Release|Any CPU.Build.0 = Release|Any CPU
		{88FBDF1C-EA74-4E7F-B823-9A6BA72FFA26}.Debug|Any CPU.ActiveCfg = Debug|Any CPU
		{88FBDF1C-EA74-4E7F-B823-9A6BA72FFA26}.Debug|Any CPU.Build.0 = Debug|Any CPU
		{88FBDF1C-EA74-4E7F-B823-9A6BA72FFA26}.Release|Any CPU.ActiveCfg = Release|Any CPU
		{88FBDF1C-EA74-4E7F-B823-9A6BA72FFA26}.Release|Any CPU.Build.0 = Release|Any CPU
		{FE924D62-8582-4B81-A0F6-F795C6267C19}.Debug|Any CPU.ActiveCfg = Debug|Any CPU
		{FE924D62-8582-4B81-A0F6-F795C6267C19}.Debug|Any CPU.Build.0 = Debug|Any CPU
		{FE924D62-8582-4B81-A0F6-F795C6267C19}.Release|Any CPU.ActiveCfg = Release|Any CPU
		{FE924D62-8582-4B81-A0F6-F795C6267C19}.Release|Any CPU.Build.0 = Release|Any CPU
		{D255C5BB-971F-46C2-A0BC-63368546E1DF}.Debug|Any CPU.ActiveCfg = Debug|Any CPU
		{D255C5BB-971F-46C2-A0BC-63368546E1DF}.Debug|Any CPU.Build.0 = Debug|Any CPU
		{D255C5BB-971F-46C2-A0BC-63368546E1DF}.Release|Any CPU.ActiveCfg = Release|Any CPU
		{D255C5BB-971F-46C2-A0BC-63368546E1DF}.Release|Any CPU.Build.0 = Release|Any CPU
		{16D7E9F7-74EE-47CE-8948-19CAF221A7C5}.Debug|Any CPU.ActiveCfg = Debug|Any CPU
		{16D7E9F7-74EE-47CE-8948-19CAF221A7C5}.Debug|Any CPU.Build.0 = Debug|Any CPU
		{16D7E9F7-74EE-47CE-8948-19CAF221A7C5}.Release|Any CPU.ActiveCfg = Release|Any CPU
		{16D7E9F7-74EE-47CE-8948-19CAF221A7C5}.Release|Any CPU.Build.0 = Release|Any CPU
	EndGlobalSection
	GlobalSection(SolutionProperties) = preSolution
		HideSolutionNode = FALSE
	EndGlobalSection
	GlobalSection(ExtensibilityGlobals) = postSolution
		SolutionGuid = {C6F55BA4-715D-4E05-AB10-CA2BF3FD0E30}
	EndGlobalSection
EndGlobal
